// !$*UTF8*$!
{
	archiveVersion = 1;
	classes = {
	};
	objectVersion = 46;
	objects = {

/* Begin PBXBuildFile section */
		AA3688811D98DB3C005B6AC9 /* AppDelegate.swift in Sources */ = {isa = PBXBuildFile; fileRef = AA3688801D98DB3C005B6AC9 /* AppDelegate.swift */; };
		AA3688831D98DB3C005B6AC9 /* ViewController.swift in Sources */ = {isa = PBXBuildFile; fileRef = AA3688821D98DB3C005B6AC9 /* ViewController.swift */; };
		AA3688861D98DB3C005B6AC9 /* Main.storyboard in Resources */ = {isa = PBXBuildFile; fileRef = AA3688841D98DB3C005B6AC9 /* Main.storyboard */; };
		AA3688881D98DB3C005B6AC9 /* Assets.xcassets in Resources */ = {isa = PBXBuildFile; fileRef = AA3688871D98DB3C005B6AC9 /* Assets.xcassets */; };
		AA36888B1D98DB3C005B6AC9 /* LaunchScreen.storyboard in Resources */ = {isa = PBXBuildFile; fileRef = AA3688891D98DB3C005B6AC9 /* LaunchScreen.storyboard */; };
		AA3688931D98E2AE005B6AC9 /* Operations.swift in Sources */ = {isa = PBXBuildFile; fileRef = AA3688921D98E2AE005B6AC9 /* Operations.swift */; };
/* End PBXBuildFile section */

/* Begin PBXFileReference section */
		AA36887D1D98DB3C005B6AC9 /* simple calculator.app */ = {isa = PBXFileReference; explicitFileType = wrapper.application; includeInIndex = 0; path = "simple calculator.app"; sourceTree = BUILT_PRODUCTS_DIR; };
		AA3688801D98DB3C005B6AC9 /* AppDelegate.swift */ = {isa = PBXFileReference; lastKnownFileType = sourcecode.swift; path = AppDelegate.swift; sourceTree = "<group>"; };
		AA3688821D98DB3C005B6AC9 /* ViewController.swift */ = {isa = PBXFileReference; lastKnownFileType = sourcecode.swift; path = ViewController.swift; sourceTree = "<group>"; };
		AA3688851D98DB3C005B6AC9 /* Base */ = {isa = PBXFileReference; lastKnownFileType = file.storyboard; name = Base; path = Base.lproj/Main.storyboard; sourceTree = "<group>"; };
		AA3688871D98DB3C005B6AC9 /* Assets.xcassets */ = {isa = PBXFileReference; lastKnownFileType = folder.assetcatalog; path = Assets.xcassets; sourceTree = "<group>"; };
		AA36888A1D98DB3C005B6AC9 /* Base */ = {isa = PBXFileReference; lastKnownFileType = file.storyboard; name = Base; path = Base.lproj/LaunchScreen.storyboard; sourceTree = "<group>"; };
		AA36888C1D98DB3C005B6AC9 /* Info.plist */ = {isa = PBXFileReference; lastKnownFileType = text.plist.xml; path = Info.plist; sourceTree = "<group>"; };
		AA3688921D98E2AE005B6AC9 /* Operations.swift */ = {isa = PBXFileReference; fileEncoding = 4; lastKnownFileType = sourcecode.swift; path = Operations.swift; sourceTree = "<group>"; };
/* End PBXFileReference section */

/* Begin PBXFrameworksBuildPhase section */
		AA36887A1D98DB3B005B6AC9 /* Frameworks */ = {
			isa = PBXFrameworksBuildPhase;
			buildActionMask = 2147483647;
			files = (
			);
			runOnlyForDeploymentPostprocessing = 0;
		};
/* End PBXFrameworksBuildPhase section */

/* Begin PBXGroup section */
		AA3688741D98DB3B005B6AC9 = {
			isa = PBXGroup;
			children = (
				AA36887F1D98DB3C005B6AC9 /* simple calculator */,
				AA36887E1D98DB3C005B6AC9 /* Products */,
			);
			sourceTree = "<group>";
		};
		AA36887E1D98DB3C005B6AC9 /* Products */ = {
			isa = PBXGroup;
			children = (
				AA36887D1D98DB3C005B6AC9 /* simple calculator.app */,
			);
			name = Products;
			sourceTree = "<group>";
		};
		AA36887F1D98DB3C005B6AC9 /* simple calculator */ = {
			isa = PBXGroup;
			children = (
				AA3688801D98DB3C005B6AC9 /* AppDelegate.swift */,
				AA3688821D98DB3C005B6AC9 /* ViewController.swift */,
				AA3688841D98DB3C005B6AC9 /* Main.storyboard */,
				AA3688921D98E2AE005B6AC9 /* Operations.swift */,
				AA3688871D98DB3C005B6AC9 /* Assets.xcassets */,
				AA3688891D98DB3C005B6AC9 /* LaunchScreen.storyboard */,
				AA36888C1D98DB3C005B6AC9 /* Info.plist */,
			);
			path = "simple calculator";
			sourceTree = "<group>";
		};
/* End PBXGroup section */

/* Begin PBXNativeTarget section */
		AA36887C1D98DB3B005B6AC9 /* simple calculator */ = {
			isa = PBXNativeTarget;
			buildConfigurationList = AA36888F1D98DB3C005B6AC9 /* Build configuration list for PBXNativeTarget "simple calculator" */;
			buildPhases = (
				AA3688791D98DB3B005B6AC9 /* Sources */,
				AA36887A1D98DB3B005B6AC9 /* Frameworks */,
				AA36887B1D98DB3B005B6AC9 /* Resources */,
			);
			buildRules = (
			);
			dependencies = (
			);
			name = "simple calculator";
			productName = "simple calculator";
			productReference = AA36887D1D98DB3C005B6AC9 /* simple calculator.app */;
			productType = "com.apple.product-type.application";
		};
/* End PBXNativeTarget section */

/* Begin PBXProject section */
		AA3688751D98DB3B005B6AC9 /* Project object */ = {
			isa = PBXProject;
			attributes = {
				LastSwiftUpdateCheck = 0800;
				LastUpgradeCheck = 0800;
				ORGANIZATIONNAME = "Yuma Soerianto";
				TargetAttributes = {
					AA36887C1D98DB3B005B6AC9 = {
						CreatedOnToolsVersion = 8.0;
						ProvisioningStyle = Automatic;
					};
				};
			};
			buildConfigurationList = AA3688781D98DB3B005B6AC9 /* Build configuration list for PBXProject "simple calculator" */;
			compatibilityVersion = "Xcode 3.2";
			developmentRegion = English;
			hasScannedForEncodings = 0;
			knownRegions = (
				en,
				Base,
			);
			mainGroup = AA3688741D98DB3B005B6AC9;
			productRefGroup = AA36887E1D98DB3C005B6AC9 /* Products */;
			projectDirPath = "";
			projectRoot = "";
			targets = (
				AA36887C1D98DB3B005B6AC9 /* simple calculator */,
			);
		};
/* End PBXProject section */

/* Begin PBXResourcesBuildPhase section */
		AA36887B1D98DB3B005B6AC9 /* Resources */ = {
			isa = PBXResourcesBuildPhase;
			buildActionMask = 2147483647;
			files = (
				AA36888B1D98DB3C005B6AC9 /* LaunchScreen.storyboard in Resources */,
				AA3688881D98DB3C005B6AC9 /* Assets.xcassets in Resources */,
				AA3688861D98DB3C005B6AC9 /* Main.storyboard in Resources */,
			);
			runOnlyForDeploymentPostprocessing = 0;
		};
/* End PBXResourcesBuildPhase section */

/* Begin PBXSourcesBuildPhase section */
		AA3688791D98DB3B005B6AC9 /* Sources */ = {
			isa = PBXSourcesBuildPhase;
			buildActionMask = 2147483647;
			files = (
				AA3688931D98E2AE005B6AC9 /* Operations.swift in Sources */,
				AA3688831D98DB3C005B6AC9 /* ViewController.swift in Sources */,
				AA3688811D98DB3C005B6AC9 /* AppDelegate.swift in Sources */,
			);
			runOnlyForDeploymentPostprocessing = 0;
		};
/* End PBXSourcesBuildPhase section */

/* Begin PBXVariantGroup section */
		AA3688841D98DB3C005B6AC9 /* Main.storyboard */ = {
			isa = PBXVariantGroup;
			children = (
				AA3688851D98DB3C005B6AC9 /* Base */,
			);
			name = Main.storyboard;
			sourceTree = "<group>";
		};
		AA3688891D98DB3C005B6AC9 /* LaunchScreen.storyboard */ = {
			isa = PBXVariantGroup;
			children = (
				AA36888A1D98DB3C005B6AC9 /* Base */,
			);
			name = LaunchScreen.storyboard;
			sourceTree = "<group>";
		};
/* End PBXVariantGroup section */

/* Begin XCBuildConfiguration section */
		AA36888D1D98DB3C005B6AC9 /* Debug */ = {
			isa = XCBuildConfiguration;
			buildSettings = {
				ALWAYS_SEARCH_USER_PATHS = NO;
				CLANG_ANALYZER_NONNULL = YES;
				CLANG_CXX_LANGUAGE_STANDARD = "gnu++0x";
				CLANG_CXX_LIBRARY = "libc++";
				CLANG_ENABLE_MODULES = YES;
				CLANG_ENABLE_OBJC_ARC = YES;
				CLANG_WARN_BOOL_CONVERSION = YES;
				CLANG_WARN_CONSTANT_CONVERSION = YES;
				CLANG_WARN_DIRECT_OBJC_ISA_USAGE = YES_ERROR;
				CLANG_WARN_DOCUMENTATION_COMMENTS = YES;
				CLANG_WARN_EMPTY_BODY = YES;
				CLANG_WARN_ENUM_CONVERSION = YES;
				CLANG_WARN_INFINITE_RECURSION = YES;
				CLANG_WARN_INT_CONVERSION = YES;
				CLANG_WARN_OBJC_ROOT_CLASS = YES_ERROR;
				CLANG_WARN_SUSPICIOUS_MOVES = YES;
				CLANG_WARN_UNREACHABLE_CODE = YES;
				CLANG_WARN__DUPLICATE_METHOD_MATCH = YES;
				"CODE_SIGN_IDENTITY[sdk=iphoneos*]" = "iPhone Developer";
				COPY_PHASE_STRIP = NO;
				DEBUG_INFORMATION_FORMAT = dwarf;
				ENABLE_STRICT_OBJC_MSGSEND = YES;
				ENABLE_TESTABILITY = YES;
				GCC_C_LANGUAGE_STANDARD = gnu99;
				GCC_DYNAMIC_NO_PIC = NO;
				GCC_NO_COMMON_BLOCKS = YES;
				GCC_OPTIMIZATION_LEVEL = 0;
				GCC_PREPROCESSOR_DEFINITIONS = (
					"DEBUG=1",
					"$(inherited)",
				);
				GCC_WARN_64_TO_32_BIT_CONVERSION = YES;
				GCC_WARN_ABOUT_RETURN_TYPE = YES_ERROR;
				GCC_WARN_UNDECLARED_SELECTOR = YES;
				GCC_WARN_UNINITIALIZED_AUTOS = YES_AGGRESSIVE;
				GCC_WARN_UNUSED_FUNCTION = YES;
				GCC_WARN_UNUSED_VARIABLE = YES;
				IPHONEOS_DEPLOYMENT_TARGET = 10.0;
				MTL_ENABLE_DEBUG_INFO = YES;
				ONLY_ACTIVE_ARCH = YES;
				SDKROOT = iphoneos;
				SWIFT_ACTIVE_COMPILATION_CONDITIONS = DEBUG;
				SWIFT_OPTIMIZATION_LEVEL = "-Onone";
				TARGETED_DEVICE_FAMILY = "1,2";
			};
			name = Debug;
		};
		AA36888E1D98DB3C005B6AC9 /* Release */ = {
			isa = XCBuildConfiguration;
			buildSettings = {
				ALWAYS_SEARCH_USER_PATHS = NO;
				CLANG_ANALYZER_NONNULL = YES;
				CLANG_CXX_LANGUAGE_STANDARD = "gnu++0x";
				CLANG_CXX_LIBRARY = "libc++";
				CLANG_ENABLE_MODULES = YES;
				CLANG_ENABLE_OBJC_ARC = YES;
				CLANG_WARN_BOOL_CONVERSION = YES;
				CLANG_WARN_CONSTANT_CONVERSION = YES;
				CLANG_WARN_DIRECT_OBJC_ISA_USAGE = YES_ERROR;
				CLANG_WARN_DOCUMENTATION_COMMENTS = YES;
				CLANG_WARN_EMPTY_BODY = YES;
				CLANG_WARN_ENUM_CONVERSION = YES;
				CLANG_WARN_INFINITE_RECURSION = YES;
				CLANG_WARN_INT_CONVERSION = YES;
				CLANG_WARN_OBJC_ROOT_CLASS = YES_ERROR;
				CLANG_WARN_SUSPICIOUS_MOVES = YES;
				CLANG_WARN_UNREACHABLE_CODE = YES;
				CLANG_WARN__DUPLICATE_METHOD_MATCH = YES;
				"CODE_SIGN_IDENTITY[sdk=iphoneos*]" = "iPhone Developer";
				COPY_PHASE_STRIP = NO;
				DEBUG_INFORMATION_FORMAT = "dwarf-with-dsym";
				ENABLE_NS_ASSERTIONS = NO;
				ENABLE_STRICT_OBJC_MSGSEND = YES;
				GCC_C_LANGUAGE_STANDARD = gnu99;
				GCC_NO_COMMON_BLOCKS = YES;
				GCC_WARN_64_TO_32_BIT_CONVERSION = YES;
				GCC_WARN_ABOUT_RETURN_TYPE = YES_ERROR;
				GCC_WARN_UNDECLARED_SELECTOR = YES;
				GCC_WARN_UNINITIALIZED_AUTOS = YES_AGGRESSIVE;
				GCC_WARN_UNUSED_FUNCTION = YES;
				GCC_WARN_UNUSED_VARIABLE = YES;
				IPHONEOS_DEPLOYMENT_TARGET = 10.0;
				MTL_ENABLE_DEBUG_INFO = NO;
				SDKROOT = iphoneos;
				SWIFT_OPTIMIZATION_LEVEL = "-Owholemodule";
				TARGETED_DEVICE_FAMILY = "1,2";
				VALIDATE_PRODUCT = YES;
			};
			name = Release;
		};
		AA3688901D98DB3C005B6AC9 /* Debug */ = {
			isa = XCBuildConfiguration;
			buildSettings = {
				ASSETCATALOG_COMPILER_APPICON_NAME = AppIcon;
				INFOPLIST_FILE = "simple calculator/Info.plist";
				LD_RUNPATH_SEARCH_PATHS = "$(inherited) @executable_path/Frameworks";
				PRODUCT_BUNDLE_IDENTIFIER = "com.madebyyuma.simple-calculator";
				PRODUCT_NAME = "$(TARGET_NAME)";
				SWIFT_VERSION = 3.0;
			};
			name = Debug;
		};
		AA3688911D98DB3C005B6AC9 /* Release */ = {
			isa = XCBuildConfiguration;
			buildSettings = {
				ASSETCATALOG_COMPILER_APPICON_NAME = AppIcon;
				INFOPLIST_FILE = "simple calculator/Info.plist";
				LD_RUNPATH_SEARCH_PATHS = "$(inherited) @executable_path/Frameworks";
				PRODUCT_BUNDLE_IDENTIFIER = "com.madebyyuma.simple-calculator";
				PRODUCT_NAME = "$(TARGET_NAME)";
				SWIFT_VERSION = 3.0;
			};
			name = Release;
		};
/* End XCBuildConfiguration section */

/* Begin XCConfigurationList section */
		AA3688781D98DB3B005B6AC9 /* Build configuration list for PBXProject "simple calculator" */ = {
			isa = XCConfigurationList;
			buildConfigurations = (
				AA36888D1D98DB3C005B6AC9 /* Debug */,
				AA36888E1D98DB3C005B6AC9 /* Release */,
			);
			defaultConfigurationIsVisible = 0;
			defaultConfigurationName = Release;
		};
		AA36888F1D98DB3C005B6AC9 /* Build configuration list for PBXNativeTarget "simple calculator" */ = {
			isa = XCConfigurationList;
			buildConfigurations = (
				AA3688901D98DB3C005B6AC9 /* Debug */,
				AA3688911D98DB3C005B6AC9 /* Release */,
			);
			defaultConfigurationIsVisible = 0;
		};
/* End XCConfigurationList section */
	};
	rootObject = AA3688751D98DB3B005B6AC9 /* Project object */;
}
